
Microsoft Visual Studio Solution File, Format Version 12.00
# Visual Studio 15
Project("{FAE04EC0-301F-11D3-BF4B-00C04F79EFBC}") = "Assembly-CSharp", "Assembly-CSharp.csproj", "{BFAA61F9-E31B-080E-D4AF-E615369801C7}"
EndProject
Global
	GlobalSection(SolutionConfigurationPlatforms) = preSolution
		Debug|Any CPU = Debug|Any CPU
		Release|Any CPU = Release|Any CPU
	EndGlobalSection
	GlobalSection(ProjectConfigurationPlatforms) = postSolution
		{BFAA61F9-E31B-080E-D4AF-E615369801C7}.Debug|Any CPU.ActiveCfg = Debug|Any CPU
		{BFAA61F9-E31B-080E-D4AF-E615369801C7}.Debug|Any CPU.Build.0 = Debug|Any CPU
		{BFAA61F9-E31B-080E-D4AF-E615369801C7}.Release|Any CPU.ActiveCfg = Release|Any CPU
		{BFAA61F9-E31B-080E-D4AF-E615369801C7}.Release|Any CPU.Build.0 = Release|Any CPU
	EndGlobalSection
	GlobalSection(SolutionProperties) = preSolution
		HideSolutionNode = FALSE
	EndGlobalSection
	GlobalSection(MonoDevelopProperties) = preSolution
		StartupItem = Assembly-CSharp.csproj
	EndGlobalSection
EndGlobal
