
Microsoft Visual Studio Solution File, Format Version 12.00
# Visual Studio 15
Project("{FAE04EC0-301F-11D3-BF4B-00C04F79EFBC}") = "Assembly-CSharp", "Assembly-CSharp.csproj", "{1FC0C4A8-DA28-F1A3-45DC-01B76F60CF01}"
EndProject
Project("{FAE04EC0-301F-11D3-BF4B-00C04F79EFBC}") = "Assembly-CSharp-Editor", "Assembly-CSharp-Editor.csproj", "{AEC158E1-7E00-D6C4-5815-BB25B554726C}"
EndProject
Global
	GlobalSection(SolutionConfigurationPlatforms) = preSolution
		Debug|Any CPU = Debug|Any CPU
		Release|Any CPU = Release|Any CPU
	EndGlobalSection
	GlobalSection(ProjectConfigurationPlatforms) = postSolution
		{1FC0C4A8-DA28-F1A3-45DC-01B76F60CF01}.Debug|Any CPU.ActiveCfg = Debug|Any CPU
		{1FC0C4A8-DA28-F1A3-45DC-01B76F60CF01}.Debug|Any CPU.Build.0 = Debug|Any CPU
		{1FC0C4A8-DA28-F1A3-45DC-01B76F60CF01}.Release|Any CPU.ActiveCfg = Release|Any CPU
		{1FC0C4A8-DA28-F1A3-45DC-01B76F60CF01}.Release|Any CPU.Build.0 = Release|Any CPU
		{AEC158E1-7E00-D6C4-5815-BB25B554726C}.Debug|Any CPU.ActiveCfg = Debug|Any CPU
		{AEC158E1-7E00-D6C4-5815-BB25B554726C}.Debug|Any CPU.Build.0 = Debug|Any CPU
		{AEC158E1-7E00-D6C4-5815-BB25B554726C}.Release|Any CPU.ActiveCfg = Release|Any CPU
		{AEC158E1-7E00-D6C4-5815-BB25B554726C}.Release|Any CPU.Build.0 = Release|Any CPU
	EndGlobalSection
	GlobalSection(SolutionProperties) = preSolution
		HideSolutionNode = FALSE
	EndGlobalSection
EndGlobal
